
Microsoft Visual Studio Solution File, Format Version 12.00
# Visual Studio Version 17
VisualStudioVersion = 17.2.32516.85
MinimumVisualStudioVersion = 10.0.40219.1
Project("{FAE04EC0-301F-11D3-BF4B-00C04F79EFBC}") = "Client", "Client\Client.csproj", "{EF173E1B-0AA0-41F1-97C3-3D8297F2B37F}"
EndProject
Project("{FAE04EC0-301F-11D3-BF4B-00C04F79EFBC}") = "Api", "Api\Api.csproj", "{59285A10-D768-49D5-ACA1-E2E9C57E65E2}"
EndProject
Project("{FAE04EC0-301F-11D3-BF4B-00C04F79EFBC}") = "SharedLibrary", "SharedLibrary\SharedLibrary.csproj", "{BE6C46C9-C3CF-4DB2-95B7-4D800F988338}"
EndProject
Global
	GlobalSection(SolutionConfigurationPlatforms) = preSolution
		Debug|Any CPU = Debug|Any CPU
		Release|Any CPU = Release|Any CPU
	EndGlobalSection
	GlobalSection(ProjectConfigurationPlatforms) = postSolution
		{EF173E1B-0AA0-41F1-97C3-3D8297F2B37F}.Debug|Any CPU.ActiveCfg = Debug|Any CPU
		{EF173E1B-0AA0-41F1-97C3-3D8297F2B37F}.Debug|Any CPU.Build.0 = Debug|Any CPU
		{EF173E1B-0AA0-41F1-97C3-3D8297F2B37F}.Release|Any CPU.ActiveCfg = Release|Any CPU
		{EF173E1B-0AA0-41F1-97C3-3D8297F2B37F}.Release|Any CPU.Build.0 = Release|Any CPU
		{59285A10-D768-49D5-ACA1-E2E9C57E65E2}.Debug|Any CPU.ActiveCfg = Debug|Any CPU
		{59285A10-D768-49D5-ACA1-E2E9C57E65E2}.Debug|Any CPU.Build.0 = Debug|Any CPU
		{59285A10-D768-49D5-ACA1-E2E9C57E65E2}.Release|Any CPU.ActiveCfg = Release|Any CPU
		{59285A10-D768-49D5-ACA1-E2E9C57E65E2}.Release|Any CPU.Build.0 = Release|Any CPU
		{BE6C46C9-C3CF-4DB2-95B7-4D800F988338}.Debug|Any CPU.ActiveCfg = Debug|Any CPU
		{BE6C46C9-C3CF-4DB2-95B7-4D800F988338}.Debug|Any CPU.Build.0 = Debug|Any CPU
		{BE6C46C9-C3CF-4DB2-95B7-4D800F988338}.Release|Any CPU.ActiveCfg = Release|Any CPU
		{BE6C46C9-C3CF-4DB2-95B7-4D800F988338}.Release|Any CPU.Build.0 = Release|Any CPU
	EndGlobalSection
	GlobalSection(SolutionProperties) = preSolution
		HideSolutionNode = FALSE
	EndGlobalSection
	GlobalSection(ExtensibilityGlobals) = postSolution
		SolutionGuid = {199EDF0C-B566-4124-B31F-A188653027BB}
	EndGlobalSection
EndGlobal
